
Microsoft Visual Studio Solution File, Format Version 12.00
# Visual Studio 15
Project("{FAE04EC0-301F-11D3-BF4B-00C04F79EFBC}") = "Unity.XR.Interaction.Toolkit.Samples.StarterAssets", "Unity.XR.Interaction.Toolkit.Samples.StarterAssets.csproj", "{E66480AB-2B32-5286-6261-236D8F3D3720}"
EndProject
Project("{FAE04EC0-301F-11D3-BF4B-00C04F79EFBC}") = "Assembly-CSharp", "Assembly-CSharp.csproj", "{ECB3545A-567A-7E2C-B552-471858A84E20}"
EndProject
Project("{FAE04EC0-301F-11D3-BF4B-00C04F79EFBC}") = "Unity.XR.Interaction.Toolkit.Samples.StarterAssets.Editor", "Unity.XR.Interaction.Toolkit.Samples.StarterAssets.Editor.csproj", "{A5B8DA9C-FB37-268D-E9AB-A24CCEBB5930}"
EndProject
Global
	GlobalSection(SolutionConfigurationPlatforms) = preSolution
		Debug|Any CPU = Debug|Any CPU
		Release|Any CPU = Release|Any CPU
	EndGlobalSection
	GlobalSection(ProjectConfigurationPlatforms) = postSolution
		{E66480AB-2B32-5286-6261-236D8F3D3720}.Debug|Any CPU.ActiveCfg = Debug|Any CPU
		{E66480AB-2B32-5286-6261-236D8F3D3720}.Debug|Any CPU.Build.0 = Debug|Any CPU
		{E66480AB-2B32-5286-6261-236D8F3D3720}.Release|Any CPU.ActiveCfg = Release|Any CPU
		{E66480AB-2B32-5286-6261-236D8F3D3720}.Release|Any CPU.Build.0 = Release|Any CPU
		{ECB3545A-567A-7E2C-B552-471858A84E20}.Debug|Any CPU.ActiveCfg = Debug|Any CPU
		{ECB3545A-567A-7E2C-B552-471858A84E20}.Debug|Any CPU.Build.0 = Debug|Any CPU
		{ECB3545A-567A-7E2C-B552-471858A84E20}.Release|Any CPU.ActiveCfg = Release|Any CPU
		{ECB3545A-567A-7E2C-B552-471858A84E20}.Release|Any CPU.Build.0 = Release|Any CPU
		{A5B8DA9C-FB37-268D-E9AB-A24CCEBB5930}.Debug|Any CPU.ActiveCfg = Debug|Any CPU
		{A5B8DA9C-FB37-268D-E9AB-A24CCEBB5930}.Debug|Any CPU.Build.0 = Debug|Any CPU
		{A5B8DA9C-FB37-268D-E9AB-A24CCEBB5930}.Release|Any CPU.ActiveCfg = Release|Any CPU
		{A5B8DA9C-FB37-268D-E9AB-A24CCEBB5930}.Release|Any CPU.Build.0 = Release|Any CPU
	EndGlobalSection
	GlobalSection(SolutionProperties) = preSolution
		HideSolutionNode = FALSE
	EndGlobalSection
EndGlobal
